{
  "lockfileVersion": 1,
  "configVersion": 1,
  "workspaces": {
    "": {
      "name": "wallpaper-downloader",
      "dependencies": {
        "wallpaper": "^7.2.1",
      },
    },
  },
  "packages": {
    "wallpaper": ["wallpaper@7.2.1", "", {}, "sha512-fqAhFSF/BVg+F7Hj+9xOnDWZMM20rjuDTYtietso4P8gYOPOBzJyzbJEDocDfoCgzDV5a1x68u54/ICr70mpPw=="],
  }
}
